
Microsoft Visual Studio Solution File, Format Version 12.00
# Visual Studio 15
VisualStudioVersion = 15.0.28307.271
MinimumVisualStudioVersion = 10.0.40219.1
Project("{FAE04EC0-301F-11D3-BF4B-00C04F79EFBC}") = "Boxy", "Boxy\Boxy.csproj", "{8E64DDD3-5D59-47EB-B40A-DDAD90D65A12}"
EndProject
Global
	GlobalSection(SolutionConfigurationPlatforms) = preSolution
		Debug|Any CPU = Debug|Any CPU
		Release|Any CPU = Release|Any CPU
	EndGlobalSection
	GlobalSection(ProjectConfigurationPlatforms) = postSolution
		{8E64DDD3-5D59-47EB-B40A-DDAD90D65A12}.Debug|Any CPU.ActiveCfg = Debug|Any CPU
		{8E64DDD3-5D59-47EB-B40A-DDAD90D65A12}.Debug|Any CPU.Build.0 = Debug|Any CPU
		{8E64DDD3-5D59-47EB-B40A-DDAD90D65A12}.Release|Any CPU.ActiveCfg = Release|Any CPU
		{8E64DDD3-5D59-47EB-B40A-DDAD90D65A12}.Release|Any CPU.Build.0 = Release|Any CPU
	EndGlobalSection
	GlobalSection(SolutionProperties) = preSolution
		HideSolutionNode = FALSE
	EndGlobalSection
	GlobalSection(ExtensibilityGlobals) = postSolution
		SolutionGuid = {8F32D378-E5EE-4AA9-9CB3-F65754D9E33E}
	EndGlobalSection
EndGlobal
